
Microsoft Visual Studio Solution File, Format Version 12.00
# Visual Studio Version 17
VisualStudioVersion = 17.11.35312.102
MinimumVisualStudioVersion = 10.0.40219.1
Project("{8BC9CEB8-8B4A-11D0-8D11-00A0C91BC942}") = "HW_3_config", "HW_3_config.vcxproj", "{ED809E87-8326-4759-B412-82C69BDD0C1F}"
EndProject
Project("{8BC9CEB8-8B4A-11D0-8D11-00A0C91BC942}") = "Test_project", "Test_project\Test_project.vcxproj", "{FDEE2E73-F65B-42F9-96B2-D3A116FA318D}"
EndProject
Global
	GlobalSection(SolutionConfigurationPlatforms) = preSolution
		Debug|x64 = Debug|x64
		Debug|x86 = Debug|x86
		Release|x64 = Release|x64
		Release|x86 = Release|x86
	EndGlobalSection
	GlobalSection(ProjectConfigurationPlatforms) = postSolution
		{ED809E87-8326-4759-B412-82C69BDD0C1F}.Debug|x64.ActiveCfg = Debug|x64
		{ED809E87-8326-4759-B412-82C69BDD0C1F}.Debug|x64.Build.0 = Debug|x64
		{ED809E87-8326-4759-B412-82C69BDD0C1F}.Debug|x86.ActiveCfg = Debug|Win32
		{ED809E87-8326-4759-B412-82C69BDD0C1F}.Debug|x86.Build.0 = Debug|Win32
		{ED809E87-8326-4759-B412-82C69BDD0C1F}.Release|x64.ActiveCfg = Release|x64
		{ED809E87-8326-4759-B412-82C69BDD0C1F}.Release|x64.Build.0 = Release|x64
		{ED809E87-8326-4759-B412-82C69BDD0C1F}.Release|x86.ActiveCfg = Release|Win32
		{ED809E87-8326-4759-B412-82C69BDD0C1F}.Release|x86.Build.0 = Release|Win32
		{FDEE2E73-F65B-42F9-96B2-D3A116FA318D}.Debug|x64.ActiveCfg = Debug|x64
		{FDEE2E73-F65B-42F9-96B2-D3A116FA318D}.Debug|x64.Build.0 = Debug|x64
		{FDEE2E73-F65B-42F9-96B2-D3A116FA318D}.Debug|x86.ActiveCfg = Debug|Win32
		{FDEE2E73-F65B-42F9-96B2-D3A116FA318D}.Debug|x86.Build.0 = Debug|Win32
		{FDEE2E73-F65B-42F9-96B2-D3A116FA318D}.Release|x64.ActiveCfg = Release|x64
		{FDEE2E73-F65B-42F9-96B2-D3A116FA318D}.Release|x64.Build.0 = Release|x64
		{FDEE2E73-F65B-42F9-96B2-D3A116FA318D}.Release|x86.ActiveCfg = Release|Win32
		{FDEE2E73-F65B-42F9-96B2-D3A116FA318D}.Release|x86.Build.0 = Release|Win32
	EndGlobalSection
	GlobalSection(SolutionProperties) = preSolution
		HideSolutionNode = FALSE
	EndGlobalSection
	GlobalSection(ExtensibilityGlobals) = postSolution
		SolutionGuid = {0F0D95A3-6ABB-4A2F-ABD5-380381556739}
	EndGlobalSection
EndGlobal
